// !$*UTF8*$!
{
	archiveVersion = 1;
	classes = {
	};
	objectVersion = 46;
	objects = {

/* Begin PBXBuildFile section */
		EA073C091E7FC582004B9AF1 /* TLBasicCameraController.m in Sources */ = {isa = PBXBuildFile; fileRef = EA073C061E7FC582004B9AF1 /* TLBasicCameraController.m */; };
		EA073C0A1E7FC582004B9AF1 /* TLPreviewView.m in Sources */ = {isa = PBXBuildFile; fileRef = EA073C081E7FC582004B9AF1 /* TLPreviewView.m */; };
		EA073C101E7FC64B004B9AF1 /* TLMediaUtils.m in Sources */ = {isa = PBXBuildFile; fileRef = EA073C0F1E7FC64B004B9AF1 /* TLMediaUtils.m */; };
		EA073C1B1E7FD42C004B9AF1 /* AVFoundation.framework in Frameworks */ = {isa = PBXBuildFile; fileRef = EA073C1A1E7FD42C004B9AF1 /* AVFoundation.framework */; };
		EA073C1D1E7FD435004B9AF1 /* CoreMotion.framework in Frameworks */ = {isa = PBXBuildFile; fileRef = EA073C1C1E7FD435004B9AF1 /* CoreMotion.framework */; };
		EA8B8D4F1E82BFE0006C0B08 /* FileSavingManager.m in Sources */ = {isa = PBXBuildFile; fileRef = EA8B8D4E1E82BFE0006C0B08 /* FileSavingManager.m */; };
/* End PBXBuildFile section */

/* Begin PBXCopyFilesBuildPhase section */
		EA073BF71E7FC55D004B9AF1 /* CopyFiles */ = {
			isa = PBXCopyFilesBuildPhase;
			buildActionMask = 2147483647;
			dstPath = "include/$(PRODUCT_NAME)";
			dstSubfolderSpec = 16;
			files = (
			);
			runOnlyForDeploymentPostprocessing = 0;
		};
/* End PBXCopyFilesBuildPhase section */

/* Begin PBXFileReference section */
		EA073BF91E7FC55D004B9AF1 /* libTLMediaUtils.a */ = {isa = PBXFileReference; explicitFileType = archive.ar; includeInIndex = 0; path = libTLMediaUtils.a; sourceTree = BUILT_PRODUCTS_DIR; };
		EA073C051E7FC582004B9AF1 /* TLBasicCameraController.h */ = {isa = PBXFileReference; fileEncoding = 4; lastKnownFileType = sourcecode.c.h; path = TLBasicCameraController.h; sourceTree = "<group>"; };
		EA073C061E7FC582004B9AF1 /* TLBasicCameraController.m */ = {isa = PBXFileReference; fileEncoding = 4; lastKnownFileType = sourcecode.c.objc; path = TLBasicCameraController.m; sourceTree = "<group>"; };
		EA073C071E7FC582004B9AF1 /* TLPreviewView.h */ = {isa = PBXFileReference; fileEncoding = 4; lastKnownFileType = sourcecode.c.h; path = TLPreviewView.h; sourceTree = "<group>"; };
		EA073C081E7FC582004B9AF1 /* TLPreviewView.m */ = {isa = PBXFileReference; fileEncoding = 4; lastKnownFileType = sourcecode.c.objc; path = TLPreviewView.m; sourceTree = "<group>"; };
		EA073C0E1E7FC64B004B9AF1 /* TLMediaUtils.h */ = {isa = PBXFileReference; fileEncoding = 4; lastKnownFileType = sourcecode.c.h; path = TLMediaUtils.h; sourceTree = "<group>"; };
		EA073C0F1E7FC64B004B9AF1 /* TLMediaUtils.m */ = {isa = PBXFileReference; fileEncoding = 4; lastKnownFileType = sourcecode.c.objc; path = TLMediaUtils.m; sourceTree = "<group>"; };
		EA073C1A1E7FD42C004B9AF1 /* AVFoundation.framework */ = {isa = PBXFileReference; lastKnownFileType = wrapper.framework; name = AVFoundation.framework; path = System/Library/Frameworks/AVFoundation.framework; sourceTree = SDKROOT; };
		EA073C1C1E7FD435004B9AF1 /* CoreMotion.framework */ = {isa = PBXFileReference; lastKnownFileType = wrapper.framework; name = CoreMotion.framework; path = System/Library/Frameworks/CoreMotion.framework; sourceTree = SDKROOT; };
		EA8B8D4D1E82BFE0006C0B08 /* FileSavingManager.h */ = {isa = PBXFileReference; fileEncoding = 4; lastKnownFileType = sourcecode.c.h; path = FileSavingManager.h; sourceTree = "<group>"; };
		EA8B8D4E1E82BFE0006C0B08 /* FileSavingManager.m */ = {isa = PBXFileReference; fileEncoding = 4; lastKnownFileType = sourcecode.c.objc; path = FileSavingManager.m; sourceTree = "<group>"; };
		EA8B8D501E82C050006C0B08 /* testPic.jpg */ = {isa = PBXFileReference; lastKnownFileType = image.jpeg; path = testPic.jpg; sourceTree = "<group>"; };
/* End PBXFileReference section */

/* Begin PBXFrameworksBuildPhase section */
		EA073BF61E7FC55D004B9AF1 /* Frameworks */ = {
			isa = PBXFrameworksBuildPhase;
			buildActionMask = 2147483647;
			files = (
				EA073C1D1E7FD435004B9AF1 /* CoreMotion.framework in Frameworks */,
				EA073C1B1E7FD42C004B9AF1 /* AVFoundation.framework in Frameworks */,
			);
			runOnlyForDeploymentPostprocessing = 0;
		};
/* End PBXFrameworksBuildPhase section */

/* Begin PBXGroup section */
		EA073BF01E7FC55D004B9AF1 = {
			isa = PBXGroup;
			children = (
				EA8B8D501E82C050006C0B08 /* testPic.jpg */,
				EA073BFB1E7FC55D004B9AF1 /* TLMediaUtils */,
				EA073BFA1E7FC55D004B9AF1 /* Products */,
				EA073C191E7FD42B004B9AF1 /* Frameworks */,
			);
			sourceTree = "<group>";
		};
		EA073BFA1E7FC55D004B9AF1 /* Products */ = {
			isa = PBXGroup;
			children = (
				EA073BF91E7FC55D004B9AF1 /* libTLMediaUtils.a */,
			);
			name = Products;
			sourceTree = "<group>";
		};
		EA073BFB1E7FC55D004B9AF1 /* TLMediaUtils */ = {
			isa = PBXGroup;
			children = (
				EA073C0E1E7FC64B004B9AF1 /* TLMediaUtils.h */,
				EA073C0F1E7FC64B004B9AF1 /* TLMediaUtils.m */,
				EA8B8D4C1E82BFBA006C0B08 /* Utils */,
				EA073C121E7FC6ED004B9AF1 /* Views */,
				EA073C111E7FC6DB004B9AF1 /* Controllers */,
			);
			path = TLMediaUtils;
			sourceTree = "<group>";
		};
		EA073C111E7FC6DB004B9AF1 /* Controllers */ = {
			isa = PBXGroup;
			children = (
				EA073C051E7FC582004B9AF1 /* TLBasicCameraController.h */,
				EA073C061E7FC582004B9AF1 /* TLBasicCameraController.m */,
			);
			name = Controllers;
			sourceTree = "<group>";
		};
		EA073C121E7FC6ED004B9AF1 /* Views */ = {
			isa = PBXGroup;
			children = (
				EA073C071E7FC582004B9AF1 /* TLPreviewView.h */,
				EA073C081E7FC582004B9AF1 /* TLPreviewView.m */,
			);
			name = Views;
			sourceTree = "<group>";
		};
		EA073C191E7FD42B004B9AF1 /* Frameworks */ = {
			isa = PBXGroup;
			children = (
				EA073C1C1E7FD435004B9AF1 /* CoreMotion.framework */,
				EA073C1A1E7FD42C004B9AF1 /* AVFoundation.framework */,
			);
			name = Frameworks;
			sourceTree = "<group>";
		};
		EA8B8D4C1E82BFBA006C0B08 /* Utils */ = {
			isa = PBXGroup;
			children = (
				EA8B8D4D1E82BFE0006C0B08 /* FileSavingManager.h */,
				EA8B8D4E1E82BFE0006C0B08 /* FileSavingManager.m */,
			);
			name = Utils;
			sourceTree = "<group>";
		};
/* End PBXGroup section */

/* Begin PBXNativeTarget section */
		EA073BF81E7FC55D004B9AF1 /* TLMediaUtils */ = {
			isa = PBXNativeTarget;
			buildConfigurationList = EA073C021E7FC55D004B9AF1 /* Build configuration list for PBXNativeTarget "TLMediaUtils" */;
			buildPhases = (
				EA073BF51E7FC55D004B9AF1 /* Sources */,
				EA073BF61E7FC55D004B9AF1 /* Frameworks */,
				EA073BF71E7FC55D004B9AF1 /* CopyFiles */,
			);
			buildRules = (
			);
			dependencies = (
			);
			name = TLMediaUtils;
			productName = TLMediaUtils;
			productReference = EA073BF91E7FC55D004B9AF1 /* libTLMediaUtils.a */;
			productType = "com.apple.product-type.library.static";
		};
/* End PBXNativeTarget section */

/* Begin PBXProject section */
		EA073BF11E7FC55D004B9AF1 /* Project object */ = {
			isa = PBXProject;
			attributes = {
				LastUpgradeCheck = 0820;
				ORGANIZATIONNAME = Tony;
				TargetAttributes = {
					EA073BF81E7FC55D004B9AF1 = {
						CreatedOnToolsVersion = 8.2.1;
						DevelopmentTeam = UVLX4292NF;
						ProvisioningStyle = Automatic;
					};
				};
			};
			buildConfigurationList = EA073BF41E7FC55D004B9AF1 /* Build configuration list for PBXProject "TLMediaUtils" */;
			compatibilityVersion = "Xcode 3.2";
			developmentRegion = English;
			hasScannedForEncodings = 0;
			knownRegions = (
				en,
			);
			mainGroup = EA073BF01E7FC55D004B9AF1;
			productRefGroup = EA073BFA1E7FC55D004B9AF1 /* Products */;
			projectDirPath = "";
			projectRoot = "";
			targets = (
				EA073BF81E7FC55D004B9AF1 /* TLMediaUtils */,
			);
		};
/* End PBXProject section */

/* Begin PBXSourcesBuildPhase section */
		EA073BF51E7FC55D004B9AF1 /* Sources */ = {
			isa = PBXSourcesBuildPhase;
			buildActionMask = 2147483647;
			files = (
				EA073C101E7FC64B004B9AF1 /* TLMediaUtils.m in Sources */,
				EA8B8D4F1E82BFE0006C0B08 /* FileSavingManager.m in Sources */,
				EA073C091E7FC582004B9AF1 /* TLBasicCameraController.m in Sources */,
				EA073C0A1E7FC582004B9AF1 /* TLPreviewView.m in Sources */,
			);
			runOnlyForDeploymentPostprocessing = 0;
		};
/* End PBXSourcesBuildPhase section */

/* Begin XCBuildConfiguration section */
		EA073C001E7FC55D004B9AF1 /* Debug */ = {
			isa = XCBuildConfiguration;
			buildSettings = {
				ALWAYS_SEARCH_USER_PATHS = NO;
				CLANG_ANALYZER_NONNULL = YES;
				CLANG_CXX_LANGUAGE_STANDARD = "gnu++0x";
				CLANG_CXX_LIBRARY = "libc++";
				CLANG_ENABLE_MODULES = YES;
				CLANG_ENABLE_OBJC_ARC = YES;
				CLANG_WARN_BOOL_CONVERSION = YES;
				CLANG_WARN_CONSTANT_CONVERSION = YES;
				CLANG_WARN_DIRECT_OBJC_ISA_USAGE = YES_ERROR;
				CLANG_WARN_DOCUMENTATION_COMMENTS = YES;
				CLANG_WARN_EMPTY_BODY = YES;
				CLANG_WARN_ENUM_CONVERSION = YES;
				CLANG_WARN_INFINITE_RECURSION = YES;
				CLANG_WARN_INT_CONVERSION = YES;
				CLANG_WARN_OBJC_ROOT_CLASS = YES_ERROR;
				CLANG_WARN_SUSPICIOUS_MOVE = YES;
				CLANG_WARN_UNREACHABLE_CODE = YES;
				CLANG_WARN__DUPLICATE_METHOD_MATCH = YES;
				"CODE_SIGN_IDENTITY[sdk=iphoneos*]" = "iPhone Developer";
				COPY_PHASE_STRIP = NO;
				DEBUG_INFORMATION_FORMAT = dwarf;
				ENABLE_STRICT_OBJC_MSGSEND = YES;
				ENABLE_TESTABILITY = YES;
				GCC_C_LANGUAGE_STANDARD = gnu99;
				GCC_DYNAMIC_NO_PIC = NO;
				GCC_NO_COMMON_BLOCKS = YES;
				GCC_OPTIMIZATION_LEVEL = 0;
				GCC_PREPROCESSOR_DEFINITIONS = (
					"DEBUG=1",
					"$(inherited)",
				);
				GCC_WARN_64_TO_32_BIT_CONVERSION = YES;
				GCC_WARN_ABOUT_RETURN_TYPE = YES_ERROR;
				GCC_WARN_UNDECLARED_SELECTOR = YES;
				GCC_WARN_UNINITIALIZED_AUTOS = YES_AGGRESSIVE;
				GCC_WARN_UNUSED_FUNCTION = YES;
				GCC_WARN_UNUSED_VARIABLE = YES;
				IPHONEOS_DEPLOYMENT_TARGET = 8.0;
				MTL_ENABLE_DEBUG_INFO = YES;
				ONLY_ACTIVE_ARCH = YES;
				SDKROOT = iphoneos;
			};
			name = Debug;
		};
		EA073C011E7FC55D004B9AF1 /* Release */ = {
			isa = XCBuildConfiguration;
			buildSettings = {
				ALWAYS_SEARCH_USER_PATHS = NO;
				CLANG_ANALYZER_NONNULL = YES;
				CLANG_CXX_LANGUAGE_STANDARD = "gnu++0x";
				CLANG_CXX_LIBRARY = "libc++";
				CLANG_ENABLE_MODULES = YES;
				CLANG_ENABLE_OBJC_ARC = YES;
				CLANG_WARN_BOOL_CONVERSION = YES;
				CLANG_WARN_CONSTANT_CONVERSION = YES;
				CLANG_WARN_DIRECT_OBJC_ISA_USAGE = YES_ERROR;
				CLANG_WARN_DOCUMENTATION_COMMENTS = YES;
				CLANG_WARN_EMPTY_BODY = YES;
				CLANG_WARN_ENUM_CONVERSION = YES;
				CLANG_WARN_INFINITE_RECURSION = YES;
				CLANG_WARN_INT_CONVERSION = YES;
				CLANG_WARN_OBJC_ROOT_CLASS = YES_ERROR;
				CLANG_WARN_SUSPICIOUS_MOVE = YES;
				CLANG_WARN_UNREACHABLE_CODE = YES;
				CLANG_WARN__DUPLICATE_METHOD_MATCH = YES;
				"CODE_SIGN_IDENTITY[sdk=iphoneos*]" = "iPhone Developer";
				COPY_PHASE_STRIP = NO;
				DEBUG_INFORMATION_FORMAT = "dwarf-with-dsym";
				ENABLE_NS_ASSERTIONS = NO;
				ENABLE_STRICT_OBJC_MSGSEND = YES;
				GCC_C_LANGUAGE_STANDARD = gnu99;
				GCC_NO_COMMON_BLOCKS = YES;
				GCC_WARN_64_TO_32_BIT_CONVERSION = YES;
				GCC_WARN_ABOUT_RETURN_TYPE = YES_ERROR;
				GCC_WARN_UNDECLARED_SELECTOR = YES;
				GCC_WARN_UNINITIALIZED_AUTOS = YES_AGGRESSIVE;
				GCC_WARN_UNUSED_FUNCTION = YES;
				GCC_WARN_UNUSED_VARIABLE = YES;
				IPHONEOS_DEPLOYMENT_TARGET = 8.0;
				MTL_ENABLE_DEBUG_INFO = NO;
				SDKROOT = iphoneos;
				VALIDATE_PRODUCT = YES;
			};
			name = Release;
		};
		EA073C031E7FC55D004B9AF1 /* Debug */ = {
			isa = XCBuildConfiguration;
			buildSettings = {
				DEVELOPMENT_TEAM = UVLX4292NF;
				OTHER_LDFLAGS = "-ObjC";
				PRODUCT_NAME = "$(TARGET_NAME)";
				SKIP_INSTALL = YES;
			};
			name = Debug;
		};
		EA073C041E7FC55D004B9AF1 /* Release */ = {
			isa = XCBuildConfiguration;
			buildSettings = {
				DEVELOPMENT_TEAM = UVLX4292NF;
				OTHER_LDFLAGS = "-ObjC";
				PRODUCT_NAME = "$(TARGET_NAME)";
				SKIP_INSTALL = YES;
			};
			name = Release;
		};
/* End XCBuildConfiguration section */

/* Begin XCConfigurationList section */
		EA073BF41E7FC55D004B9AF1 /* Build configuration list for PBXProject "TLMediaUtils" */ = {
			isa = XCConfigurationList;
			buildConfigurations = (
				EA073C001E7FC55D004B9AF1 /* Debug */,
				EA073C011E7FC55D004B9AF1 /* Release */,
			);
			defaultConfigurationIsVisible = 0;
			defaultConfigurationName = Release;
		};
		EA073C021E7FC55D004B9AF1 /* Build configuration list for PBXNativeTarget "TLMediaUtils" */ = {
			isa = XCConfigurationList;
			buildConfigurations = (
				EA073C031E7FC55D004B9AF1 /* Debug */,
				EA073C041E7FC55D004B9AF1 /* Release */,
			);
			defaultConfigurationIsVisible = 0;
			defaultConfigurationName = Release;
		};
/* End XCConfigurationList section */
	};
	rootObject = EA073BF11E7FC55D004B9AF1 /* Project object */;
}
