// !$*UTF8*$!
{
	archiveVersion = 1;
	classes = {
	};
	objectVersion = 46;
	objects = {

/* Begin PBXBuildFile section */
		EA073C0D1E7FC5EF004B9AF1 /* libTLMediaUtils.a in Frameworks */ = {isa = PBXBuildFile; fileRef = EA073C0C1E7FC5EF004B9AF1 /* libTLMediaUtils.a */; };
		EA41EB991E7FAB9F00210999 /* main.m in Sources */ = {isa = PBXBuildFile; fileRef = EA41EB981E7FAB9F00210999 /* main.m */; };
		EA41EB9C1E7FAB9F00210999 /* AppDelegate.m in Sources */ = {isa = PBXBuildFile; fileRef = EA41EB9B1E7FAB9F00210999 /* AppDelegate.m */; };
		EA41EB9F1E7FAB9F00210999 /* ViewController.m in Sources */ = {isa = PBXBuildFile; fileRef = EA41EB9E1E7FAB9F00210999 /* ViewController.m */; };
		EA41EBA21E7FAB9F00210999 /* Main.storyboard in Resources */ = {isa = PBXBuildFile; fileRef = EA41EBA01E7FAB9F00210999 /* Main.storyboard */; };
		EA41EBA41E7FABA000210999 /* Assets.xcassets in Resources */ = {isa = PBXBuildFile; fileRef = EA41EBA31E7FABA000210999 /* Assets.xcassets */; };
		EA41EBA71E7FABA000210999 /* LaunchScreen.storyboard in Resources */ = {isa = PBXBuildFile; fileRef = EA41EBA51E7FABA000210999 /* LaunchScreen.storyboard */; };
/* End PBXBuildFile section */

/* Begin PBXFileReference section */
		EA073C0C1E7FC5EF004B9AF1 /* libTLMediaUtils.a */ = {isa = PBXFileReference; lastKnownFileType = archive.ar; name = libTLMediaUtils.a; path = "../TLMediaUtils/build/Debug-iphoneos/libTLMediaUtils.a"; sourceTree = "<group>"; };
		EA41EB941E7FAB9F00210999 /* Demo.app */ = {isa = PBXFileReference; explicitFileType = wrapper.application; includeInIndex = 0; path = Demo.app; sourceTree = BUILT_PRODUCTS_DIR; };
		EA41EB981E7FAB9F00210999 /* main.m */ = {isa = PBXFileReference; lastKnownFileType = sourcecode.c.objc; path = main.m; sourceTree = "<group>"; };
		EA41EB9A1E7FAB9F00210999 /* AppDelegate.h */ = {isa = PBXFileReference; lastKnownFileType = sourcecode.c.h; path = AppDelegate.h; sourceTree = "<group>"; };
		EA41EB9B1E7FAB9F00210999 /* AppDelegate.m */ = {isa = PBXFileReference; lastKnownFileType = sourcecode.c.objc; path = AppDelegate.m; sourceTree = "<group>"; };
		EA41EB9D1E7FAB9F00210999 /* ViewController.h */ = {isa = PBXFileReference; lastKnownFileType = sourcecode.c.h; path = ViewController.h; sourceTree = "<group>"; };
		EA41EB9E1E7FAB9F00210999 /* ViewController.m */ = {isa = PBXFileReference; lastKnownFileType = sourcecode.c.objc; path = ViewController.m; sourceTree = "<group>"; };
		EA41EBA11E7FAB9F00210999 /* Base */ = {isa = PBXFileReference; lastKnownFileType = file.storyboard; name = Base; path = Base.lproj/Main.storyboard; sourceTree = "<group>"; };
		EA41EBA31E7FABA000210999 /* Assets.xcassets */ = {isa = PBXFileReference; lastKnownFileType = folder.assetcatalog; path = Assets.xcassets; sourceTree = "<group>"; };
		EA41EBA61E7FABA000210999 /* Base */ = {isa = PBXFileReference; lastKnownFileType = file.storyboard; name = Base; path = Base.lproj/LaunchScreen.storyboard; sourceTree = "<group>"; };
		EA41EBA81E7FABA000210999 /* Info.plist */ = {isa = PBXFileReference; lastKnownFileType = text.plist.xml; path = Info.plist; sourceTree = "<group>"; };
/* End PBXFileReference section */

/* Begin PBXFrameworksBuildPhase section */
		EA41EB911E7FAB9F00210999 /* Frameworks */ = {
			isa = PBXFrameworksBuildPhase;
			buildActionMask = 2147483647;
			files = (
				EA073C0D1E7FC5EF004B9AF1 /* libTLMediaUtils.a in Frameworks */,
			);
			runOnlyForDeploymentPostprocessing = 0;
		};
/* End PBXFrameworksBuildPhase section */

/* Begin PBXGroup section */
		EA073C0B1E7FC5EF004B9AF1 /* Frameworks */ = {
			isa = PBXGroup;
			children = (
				EA073C0C1E7FC5EF004B9AF1 /* libTLMediaUtils.a */,
			);
			name = Frameworks;
			sourceTree = "<group>";
		};
		EA41EB8B1E7FAB9F00210999 = {
			isa = PBXGroup;
			children = (
				EA41EB961E7FAB9F00210999 /* Demo */,
				EA41EB951E7FAB9F00210999 /* Products */,
				EA073C0B1E7FC5EF004B9AF1 /* Frameworks */,
			);
			sourceTree = "<group>";
		};
		EA41EB951E7FAB9F00210999 /* Products */ = {
			isa = PBXGroup;
			children = (
				EA41EB941E7FAB9F00210999 /* Demo.app */,
			);
			name = Products;
			sourceTree = "<group>";
		};
		EA41EB961E7FAB9F00210999 /* Demo */ = {
			isa = PBXGroup;
			children = (
				EA41EB9A1E7FAB9F00210999 /* AppDelegate.h */,
				EA41EB9B1E7FAB9F00210999 /* AppDelegate.m */,
				EA41EB9D1E7FAB9F00210999 /* ViewController.h */,
				EA41EB9E1E7FAB9F00210999 /* ViewController.m */,
				EA41EBA01E7FAB9F00210999 /* Main.storyboard */,
				EA41EBA31E7FABA000210999 /* Assets.xcassets */,
				EA41EBA51E7FABA000210999 /* LaunchScreen.storyboard */,
				EA41EBA81E7FABA000210999 /* Info.plist */,
				EA41EB971E7FAB9F00210999 /* Supporting Files */,
			);
			path = Demo;
			sourceTree = "<group>";
		};
		EA41EB971E7FAB9F00210999 /* Supporting Files */ = {
			isa = PBXGroup;
			children = (
				EA41EB981E7FAB9F00210999 /* main.m */,
			);
			name = "Supporting Files";
			sourceTree = "<group>";
		};
/* End PBXGroup section */

/* Begin PBXNativeTarget section */
		EA41EB931E7FAB9F00210999 /* Demo */ = {
			isa = PBXNativeTarget;
			buildConfigurationList = EA41EBAB1E7FABA000210999 /* Build configuration list for PBXNativeTarget "Demo" */;
			buildPhases = (
				EA41EB901E7FAB9F00210999 /* Sources */,
				EA41EB911E7FAB9F00210999 /* Frameworks */,
				EA41EB921E7FAB9F00210999 /* Resources */,
			);
			buildRules = (
			);
			dependencies = (
			);
			name = Demo;
			productName = Demo;
			productReference = EA41EB941E7FAB9F00210999 /* Demo.app */;
			productType = "com.apple.product-type.application";
		};
/* End PBXNativeTarget section */

/* Begin PBXProject section */
		EA41EB8C1E7FAB9F00210999 /* Project object */ = {
			isa = PBXProject;
			attributes = {
				LastUpgradeCheck = 0820;
				ORGANIZATIONNAME = Tony;
				TargetAttributes = {
					EA41EB931E7FAB9F00210999 = {
						CreatedOnToolsVersion = 8.2.1;
						DevelopmentTeam = UVLX4292NF;
						ProvisioningStyle = Automatic;
					};
				};
			};
			buildConfigurationList = EA41EB8F1E7FAB9F00210999 /* Build configuration list for PBXProject "Demo" */;
			compatibilityVersion = "Xcode 3.2";
			developmentRegion = English;
			hasScannedForEncodings = 0;
			knownRegions = (
				en,
				Base,
			);
			mainGroup = EA41EB8B1E7FAB9F00210999;
			productRefGroup = EA41EB951E7FAB9F00210999 /* Products */;
			projectDirPath = "";
			projectRoot = "";
			targets = (
				EA41EB931E7FAB9F00210999 /* Demo */,
			);
		};
/* End PBXProject section */

/* Begin PBXResourcesBuildPhase section */
		EA41EB921E7FAB9F00210999 /* Resources */ = {
			isa = PBXResourcesBuildPhase;
			buildActionMask = 2147483647;
			files = (
				EA41EBA71E7FABA000210999 /* LaunchScreen.storyboard in Resources */,
				EA41EBA41E7FABA000210999 /* Assets.xcassets in Resources */,
				EA41EBA21E7FAB9F00210999 /* Main.storyboard in Resources */,
			);
			runOnlyForDeploymentPostprocessing = 0;
		};
/* End PBXResourcesBuildPhase section */

/* Begin PBXSourcesBuildPhase section */
		EA41EB901E7FAB9F00210999 /* Sources */ = {
			isa = PBXSourcesBuildPhase;
			buildActionMask = 2147483647;
			files = (
				EA41EB9F1E7FAB9F00210999 /* ViewController.m in Sources */,
				EA41EB9C1E7FAB9F00210999 /* AppDelegate.m in Sources */,
				EA41EB991E7FAB9F00210999 /* main.m in Sources */,
			);
			runOnlyForDeploymentPostprocessing = 0;
		};
/* End PBXSourcesBuildPhase section */

/* Begin PBXVariantGroup section */
		EA41EBA01E7FAB9F00210999 /* Main.storyboard */ = {
			isa = PBXVariantGroup;
			children = (
				EA41EBA11E7FAB9F00210999 /* Base */,
			);
			name = Main.storyboard;
			sourceTree = "<group>";
		};
		EA41EBA51E7FABA000210999 /* LaunchScreen.storyboard */ = {
			isa = PBXVariantGroup;
			children = (
				EA41EBA61E7FABA000210999 /* Base */,
			);
			name = LaunchScreen.storyboard;
			sourceTree = "<group>";
		};
/* End PBXVariantGroup section */

/* Begin XCBuildConfiguration section */
		EA41EBA91E7FABA000210999 /* Debug */ = {
			isa = XCBuildConfiguration;
			buildSettings = {
				ALWAYS_SEARCH_USER_PATHS = NO;
				CLANG_ANALYZER_NONNULL = YES;
				CLANG_CXX_LANGUAGE_STANDARD = "gnu++0x";
				CLANG_CXX_LIBRARY = "libc++";
				CLANG_ENABLE_MODULES = YES;
				CLANG_ENABLE_OBJC_ARC = YES;
				CLANG_WARN_BOOL_CONVERSION = YES;
				CLANG_WARN_CONSTANT_CONVERSION = YES;
				CLANG_WARN_DIRECT_OBJC_ISA_USAGE = YES_ERROR;
				CLANG_WARN_DOCUMENTATION_COMMENTS = YES;
				CLANG_WARN_EMPTY_BODY = YES;
				CLANG_WARN_ENUM_CONVERSION = YES;
				CLANG_WARN_INFINITE_RECURSION = YES;
				CLANG_WARN_INT_CONVERSION = YES;
				CLANG_WARN_OBJC_ROOT_CLASS = YES_ERROR;
				CLANG_WARN_SUSPICIOUS_MOVE = YES;
				CLANG_WARN_UNREACHABLE_CODE = YES;
				CLANG_WARN__DUPLICATE_METHOD_MATCH = YES;
				"CODE_SIGN_IDENTITY[sdk=iphoneos*]" = "iPhone Developer";
				COPY_PHASE_STRIP = NO;
				DEBUG_INFORMATION_FORMAT = dwarf;
				ENABLE_STRICT_OBJC_MSGSEND = YES;
				ENABLE_TESTABILITY = YES;
				GCC_C_LANGUAGE_STANDARD = gnu99;
				GCC_DYNAMIC_NO_PIC = NO;
				GCC_NO_COMMON_BLOCKS = YES;
				GCC_OPTIMIZATION_LEVEL = 0;
				GCC_PREPROCESSOR_DEFINITIONS = (
					"DEBUG=1",
					"$(inherited)",
				);
				GCC_WARN_64_TO_32_BIT_CONVERSION = YES;
				GCC_WARN_ABOUT_RETURN_TYPE = YES_ERROR;
				GCC_WARN_UNDECLARED_SELECTOR = YES;
				GCC_WARN_UNINITIALIZED_AUTOS = YES_AGGRESSIVE;
				GCC_WARN_UNUSED_FUNCTION = YES;
				GCC_WARN_UNUSED_VARIABLE = YES;
				IPHONEOS_DEPLOYMENT_TARGET = 10.2;
				MTL_ENABLE_DEBUG_INFO = YES;
				ONLY_ACTIVE_ARCH = YES;
				SDKROOT = iphoneos;
			};
			name = Debug;
		};
		EA41EBAA1E7FABA000210999 /* Release */ = {
			isa = XCBuildConfiguration;
			buildSettings = {
				ALWAYS_SEARCH_USER_PATHS = NO;
				CLANG_ANALYZER_NONNULL = YES;
				CLANG_CXX_LANGUAGE_STANDARD = "gnu++0x";
				CLANG_CXX_LIBRARY = "libc++";
				CLANG_ENABLE_MODULES = YES;
				CLANG_ENABLE_OBJC_ARC = YES;
				CLANG_WARN_BOOL_CONVERSION = YES;
				CLANG_WARN_CONSTANT_CONVERSION = YES;
				CLANG_WARN_DIRECT_OBJC_ISA_USAGE = YES_ERROR;
				CLANG_WARN_DOCUMENTATION_COMMENTS = YES;
				CLANG_WARN_EMPTY_BODY = YES;
				CLANG_WARN_ENUM_CONVERSION = YES;
				CLANG_WARN_INFINITE_RECURSION = YES;
				CLANG_WARN_INT_CONVERSION = YES;
				CLANG_WARN_OBJC_ROOT_CLASS = YES_ERROR;
				CLANG_WARN_SUSPICIOUS_MOVE = YES;
				CLANG_WARN_UNREACHABLE_CODE = YES;
				CLANG_WARN__DUPLICATE_METHOD_MATCH = YES;
				"CODE_SIGN_IDENTITY[sdk=iphoneos*]" = "iPhone Developer";
				COPY_PHASE_STRIP = NO;
				DEBUG_INFORMATION_FORMAT = "dwarf-with-dsym";
				ENABLE_NS_ASSERTIONS = NO;
				ENABLE_STRICT_OBJC_MSGSEND = YES;
				GCC_C_LANGUAGE_STANDARD = gnu99;
				GCC_NO_COMMON_BLOCKS = YES;
				GCC_WARN_64_TO_32_BIT_CONVERSION = YES;
				GCC_WARN_ABOUT_RETURN_TYPE = YES_ERROR;
				GCC_WARN_UNDECLARED_SELECTOR = YES;
				GCC_WARN_UNINITIALIZED_AUTOS = YES_AGGRESSIVE;
				GCC_WARN_UNUSED_FUNCTION = YES;
				GCC_WARN_UNUSED_VARIABLE = YES;
				IPHONEOS_DEPLOYMENT_TARGET = 10.2;
				MTL_ENABLE_DEBUG_INFO = NO;
				SDKROOT = iphoneos;
				VALIDATE_PRODUCT = YES;
			};
			name = Release;
		};
		EA41EBAC1E7FABA000210999 /* Debug */ = {
			isa = XCBuildConfiguration;
			buildSettings = {
				ASSETCATALOG_COMPILER_APPICON_NAME = AppIcon;
				DEVELOPMENT_TEAM = UVLX4292NF;
				HEADER_SEARCH_PATHS = "$(SRCROOT)/../TLMediaUtils/**";
				INFOPLIST_FILE = Demo/Info.plist;
				IPHONEOS_DEPLOYMENT_TARGET = 8.0;
				LD_RUNPATH_SEARCH_PATHS = "$(inherited) @executable_path/Frameworks";
				PRODUCT_BUNDLE_IDENTIFIER = com.Tony.Demo;
				PRODUCT_NAME = "$(TARGET_NAME)";
			};
			name = Debug;
		};
		EA41EBAD1E7FABA000210999 /* Release */ = {
			isa = XCBuildConfiguration;
			buildSettings = {
				ASSETCATALOG_COMPILER_APPICON_NAME = AppIcon;
				DEVELOPMENT_TEAM = UVLX4292NF;
				HEADER_SEARCH_PATHS = "$(SRCROOT)/../TLMediaUtils/**";
				INFOPLIST_FILE = Demo/Info.plist;
				IPHONEOS_DEPLOYMENT_TARGET = 8.0;
				LD_RUNPATH_SEARCH_PATHS = "$(inherited) @executable_path/Frameworks";
				PRODUCT_BUNDLE_IDENTIFIER = com.Tony.Demo;
				PRODUCT_NAME = "$(TARGET_NAME)";
			};
			name = Release;
		};
/* End XCBuildConfiguration section */

/* Begin XCConfigurationList section */
		EA41EB8F1E7FAB9F00210999 /* Build configuration list for PBXProject "Demo" */ = {
			isa = XCConfigurationList;
			buildConfigurations = (
				EA41EBA91E7FABA000210999 /* Debug */,
				EA41EBAA1E7FABA000210999 /* Release */,
			);
			defaultConfigurationIsVisible = 0;
			defaultConfigurationName = Release;
		};
		EA41EBAB1E7FABA000210999 /* Build configuration list for PBXNativeTarget "Demo" */ = {
			isa = XCConfigurationList;
			buildConfigurations = (
				EA41EBAC1E7FABA000210999 /* Debug */,
				EA41EBAD1E7FABA000210999 /* Release */,
			);
			defaultConfigurationIsVisible = 0;
			defaultConfigurationName = Release;
		};
/* End XCConfigurationList section */
	};
	rootObject = EA41EB8C1E7FAB9F00210999 /* Project object */;
}
